
Microsoft Visual Studio Solution File, Format Version 12.00
# Visual Studio Version 17
VisualStudioVersion = 17.14.36603.0
MinimumVisualStudioVersion = 10.0.40219.1
Project("{FAE04EC0-301F-11D3-BF4B-00C04F79EFBC}") = "Rinne.Cli", "Rinne.Cli\Rinne.Cli.csproj", "{D3035AC0-10A3-4C36-82BA-D651D8FF8E07}"
EndProject
Project("{2150E333-8FDC-42A3-9474-1A3956D46DE8}") = "ソリューション項目", "ソリューション項目", "{2022CB0F-8BAF-F49E-0C48-8EF4C96EC109}"
	ProjectSection(SolutionItems) = preProject
		.gitattributes = .gitattributes
		.gitignore = .gitignore
		LICENSE = LICENSE
		THIRD_PARTY_NOTICES.txt = THIRD_PARTY_NOTICES.txt
		README.md = README.md
	EndProjectSection
EndProject
Project("{FAE04EC0-301F-11D3-BF4B-00C04F79EFBC}") = "Rinne.Core", "Rinne.Core\Rinne.Core.csproj", "{DE9DC661-B607-4706-AA70-25F0B53BA810}"
EndProject
Global
	GlobalSection(SolutionConfigurationPlatforms) = preSolution
		Debug|Any CPU = Debug|Any CPU
		Release|Any CPU = Release|Any CPU
	EndGlobalSection
	GlobalSection(ProjectConfigurationPlatforms) = postSolution
		{D3035AC0-10A3-4C36-82BA-D651D8FF8E07}.Debug|Any CPU.ActiveCfg = Debug|Any CPU
		{D3035AC0-10A3-4C36-82BA-D651D8FF8E07}.Debug|Any CPU.Build.0 = Debug|Any CPU
		{D3035AC0-10A3-4C36-82BA-D651D8FF8E07}.Release|Any CPU.ActiveCfg = Release|Any CPU
		{D3035AC0-10A3-4C36-82BA-D651D8FF8E07}.Release|Any CPU.Build.0 = Release|Any CPU
		{DE9DC661-B607-4706-AA70-25F0B53BA810}.Debug|Any CPU.ActiveCfg = Debug|Any CPU
		{DE9DC661-B607-4706-AA70-25F0B53BA810}.Debug|Any CPU.Build.0 = Debug|Any CPU
		{DE9DC661-B607-4706-AA70-25F0B53BA810}.Release|Any CPU.ActiveCfg = Release|Any CPU
		{DE9DC661-B607-4706-AA70-25F0B53BA810}.Release|Any CPU.Build.0 = Release|Any CPU
	EndGlobalSection
	GlobalSection(SolutionProperties) = preSolution
		HideSolutionNode = FALSE
	EndGlobalSection
	GlobalSection(ExtensibilityGlobals) = postSolution
		SolutionGuid = {65164F31-BF43-4E38-93D2-779DB32D218A}
	EndGlobalSection
EndGlobal
